// !$*UTF8*$!
{
	archiveVersion = 1;
	classes = {
	};
	objectVersion = 77;
	objects = {

/* Begin PBXBuildFile section */
		9917AB84302F731500EF8E1F /* bge-small-en-v1.5-q4_k_m.gguf in CopyFiles */ = {isa = PBXBuildFile; fileRef = 9917AB83302F72F200EF8E1F /* bge-small-en-v1.5-q4_k_m.gguf */; };
		9917AB87302F732F00EF8E1F /* SwiftLlama in Frameworks */ = {isa = PBXBuildFile; productRef = 9917AB86302F732F00EF8E1F /* SwiftLlama */; };
		993A79EC26DFB8820067664B /* SwiftSyntax in Frameworks */ = {isa = PBXBuildFile; productRef = 993A79EA26DFB8820067664B /* SwiftSyntax */; };
		993A79ED26DFB8820067664B /* SwiftParser in Frameworks */ = {isa = PBXBuildFile; productRef = 993A79EB26DFB8820067664B /* SwiftParser */; };
		993A79F026DFB8820067664B /* SwiftParserDiagnostics in Frameworks */ = {isa = PBXBuildFile; productRef = 993A79EE26DFB8820067664B /* SwiftParserDiagnostics */; };
		993A79F126DFB8820067664B /* SwiftDiagnostics in Frameworks */ = {isa = PBXBuildFile; productRef = 993A79EF26DFB8820067664B /* SwiftDiagnostics */; };
/* End PBXBuildFile section */

/* Begin PBXCopyFilesBuildPhase section */
		993A79CC3006E02E001067AB /* CopyFiles */ = {
			isa = PBXCopyFilesBuildPhase;
			buildActionMask = 12;
			dstPath = Resources;
			dstSubfolderSpec = 16;
			files = (
				9917AB84302F731500EF8E1F /* bge-small-en-v1.5-q4_k_m.gguf in CopyFiles */,
			);
			runOnlyForDeploymentPostprocessing = 0;
		};
/* End PBXCopyFilesBuildPhase section */

/* Begin PBXFileReference section */
		9917AB83302F72F200EF8E1F /* bge-small-en-v1.5-q4_k_m.gguf */ = {isa = PBXFileReference; lastKnownFileType = file; path = "bge-small-en-v1.5-q4_k_m.gguf"; sourceTree = "<group>"; };
		993A79CE3006E02E001067AB /* XCSwiftMap */ = {isa = PBXFileReference; explicitFileType = "compiled.mach-o.executable"; includeInIndex = 0; path = XCSwiftMap; sourceTree = BUILT_PRODUCTS_DIR; };
/* End PBXFileReference section */

/* Begin PBXFileSystemSynchronizedRootGroup section */
		993A79D03006E02E001067AB /* Xcode Swift Utilities */ = {
			isa = PBXFileSystemSynchronizedRootGroup;
			path = "Xcode Swift Utilities";
			sourceTree = "<group>";
		};
/* End PBXFileSystemSynchronizedRootGroup section */

/* Begin PBXFrameworksBuildPhase section */
		993A79CB3006E02E001067AB /* Frameworks */ = {
			isa = PBXFrameworksBuildPhase;
			buildActionMask = 2147483647;
			files = (
				993A79EC26DFB8820067664B /* SwiftSyntax in Frameworks */,
				9917AB87302F732F00EF8E1F /* SwiftLlama in Frameworks */,
				993A79ED26DFB8820067664B /* SwiftParser in Frameworks */,
				993A79F026DFB8820067664B /* SwiftParserDiagnostics in Frameworks */,
				993A79F126DFB8820067664B /* SwiftDiagnostics in Frameworks */,
			);
			runOnlyForDeploymentPostprocessing = 0;
		};
/* End PBXFrameworksBuildPhase section */

/* Begin PBXGroup section */
		9917AB82302F72DD00EF8E1F /* Resources */ = {
			isa = PBXGroup;
			children = (
				9917AB83302F72F200EF8E1F /* bge-small-en-v1.5-q4_k_m.gguf */,
			);
			path = Resources;
			sourceTree = "<group>";
		};
		993A79C53006E02E001067AB = {
			isa = PBXGroup;
			children = (
				9917AB82302F72DD00EF8E1F /* Resources */,
				993A79D03006E02E001067AB /* Xcode Swift Utilities */,
				993A79CF3006E02E001067AB /* Products */,
			);
			sourceTree = "<group>";
		};
		993A79CF3006E02E001067AB /* Products */ = {
			isa = PBXGroup;
			children = (
				993A79CE3006E02E001067AB /* XCSwiftMap */,
			);
			name = Products;
			sourceTree = "<group>";
		};
/* End PBXGroup section */

/* Begin PBXNativeTarget section */
		993A79CD3006E02E001067AB /* Xcode Swift Utilities */ = {
			isa = PBXNativeTarget;
			buildConfigurationList = 993A79D53006E02E001067AB /* Build configuration list for PBXNativeTarget "Xcode Swift Utilities" */;
			buildPhases = (
				993A79CA3006E02E001067AB /* Sources */,
				993A79CB3006E02E001067AB /* Frameworks */,
				993A79CC3006E02E001067AB /* CopyFiles */,
			);
			buildRules = (
			);
			dependencies = (
			);
			fileSystemSynchronizedGroups = (
				993A79D03006E02E001067AB /* Xcode Swift Utilities */,
			);
			name = "Xcode Swift Utilities";
			packageProductDependencies = (
				993A79EA26DFB8820067664B /* SwiftSyntax */,
				993A79EB26DFB8820067664B /* SwiftParser */,
				993A79EE26DFB8820067664B /* SwiftParserDiagnostics */,
				993A79EF26DFB8820067664B /* SwiftDiagnostics */,
				9917AB86302F732F00EF8E1F /* SwiftLlama */,
			);
			productName = "Xcode Swift Utilities";
			productReference = 993A79CE3006E02E001067AB /* XCSwiftMap */;
			productType = "com.apple.product-type.tool";
		};
/* End PBXNativeTarget section */

/* Begin PBXProject section */
		993A79C63006E02E001067AB /* Project object */ = {
			isa = PBXProject;
			attributes = {
				BuildIndependentTargetsInParallel = 1;
				LastSwiftUpdateCheck = 2650;
				LastUpgradeCheck = 2650;
				TargetAttributes = {
					993A79CD3006E02E001067AB = {
						CreatedOnToolsVersion = 26.5;
					};
				};
			};
			buildConfigurationList = 993A79C93006E02E001067AB /* Build configuration list for PBXProject "Xcode Swift Utilities" */;
			developmentRegion = en;
			hasScannedForEncodings = 0;
			knownRegions = (
				en,
				Base,
			);
			mainGroup = 993A79C53006E02E001067AB;
			minimizedProjectReferenceProxies = 1;
			packageReferences = (
				993A79E926DFB8820067664B /* XCRemoteSwiftPackageReference "swift-syntax" */,
				9917AB85302F732F00EF8E1F /* XCRemoteSwiftPackageReference "SwiftLlama" */,
			);
			preferredProjectObjectVersion = 77;
			productRefGroup = 993A79CF3006E02E001067AB /* Products */;
			projectDirPath = "";
			projectRoot = "";
			targets = (
				993A79CD3006E02E001067AB /* Xcode Swift Utilities */,
			);
		};
/* End PBXProject section */

/* Begin PBXSourcesBuildPhase section */
		993A79CA3006E02E001067AB /* Sources */ = {
			isa = PBXSourcesBuildPhase;
			buildActionMask = 2147483647;
			files = (
			);
			runOnlyForDeploymentPostprocessing = 0;
		};
/* End PBXSourcesBuildPhase section */

/* Begin XCBuildConfiguration section */
		993A79D33006E02E001067AB /* Debug */ = {
			isa = XCBuildConfiguration;
			buildSettings = {
				ALWAYS_SEARCH_USER_PATHS = NO;
				ASSETCATALOG_COMPILER_GENERATE_SWIFT_ASSET_SYMBOL_EXTENSIONS = YES;
				CLANG_ANALYZER_NONNULL = YES;
				CLANG_ANALYZER_NUMBER_OBJECT_CONVERSION = YES_AGGRESSIVE;
				CLANG_CXX_LANGUAGE_STANDARD = "gnu++20";
				CLANG_ENABLE_MODULES = YES;
				CLANG_ENABLE_OBJC_ARC = YES;
				CLANG_ENABLE_OBJC_WEAK = YES;
				CLANG_WARN_BLOCK_CAPTURE_AUTORELEASING = YES;
				CLANG_WARN_BOOL_CONVERSION = YES;
				CLANG_WARN_COMMA = YES;
				CLANG_WARN_CONSTANT_CONVERSION = YES;
				CLANG_WARN_DEPRECATED_OBJC_IMPLEMENTATIONS = YES;
				CLANG_WARN_DIRECT_OBJC_ISA_USAGE = YES_ERROR;
				CLANG_WARN_DOCUMENTATION_COMMENTS = YES;
				CLANG_WARN_EMPTY_BODY = YES;
				CLANG_WARN_ENUM_CONVERSION = YES;
				CLANG_WARN_INFINITE_RECURSION = YES;
				CLANG_WARN_INT_CONVERSION = YES;
				CLANG_WARN_NON_LITERAL_NULL_CONVERSION = YES;
				CLANG_WARN_OBJC_IMPLICIT_RETAIN_SELF = YES;
				CLANG_WARN_OBJC_LITERAL_CONVERSION = YES;
				CLANG_WARN_OBJC_ROOT_CLASS = YES_ERROR;
				CLANG_WARN_QUOTED_INCLUDE_IN_FRAMEWORK_HEADER = YES;
				CLANG_WARN_RANGE_LOOP_ANALYSIS = YES;
				CLANG_WARN_STRICT_PROTOTYPES = YES;
				CLANG_WARN_SUSPICIOUS_MOVE = YES;
				CLANG_WARN_UNGUARDED_AVAILABILITY = YES_AGGRESSIVE;
				CLANG_WARN_UNREACHABLE_CODE = YES;
				CLANG_WARN__DUPLICATE_METHOD_MATCH = YES;
				COPY_PHASE_STRIP = NO;
				DEBUG_INFORMATION_FORMAT = dwarf;
				DEVELOPMENT_TEAM = 623RDETCER;
				ENABLE_STRICT_OBJC_MSGSEND = YES;
				ENABLE_TESTABILITY = YES;
				ENABLE_USER_SCRIPT_SANDBOXING = YES;
				GCC_C_LANGUAGE_STANDARD = gnu17;
				GCC_DYNAMIC_NO_PIC = NO;
				GCC_NO_COMMON_BLOCKS = YES;
				GCC_OPTIMIZATION_LEVEL = 0;
				GCC_PREPROCESSOR_DEFINITIONS = (
					"DEBUG=1",
					"$(inherited)",
				);
				GCC_WARN_64_TO_32_BIT_CONVERSION = YES;
				GCC_WARN_ABOUT_RETURN_TYPE = YES_ERROR;
				GCC_WARN_UNDECLARED_SELECTOR = YES;
				GCC_WARN_UNINITIALIZED_AUTOS = YES_AGGRESSIVE;
				GCC_WARN_UNUSED_FUNCTION = YES;
				GCC_WARN_UNUSED_VARIABLE = YES;
				LOCALIZATION_PREFERS_STRING_CATALOGS = YES;
				MACOSX_DEPLOYMENT_TARGET = 26.5;
				MARKETING_VERSION = 1.5.0;
				MTL_ENABLE_DEBUG_INFO = INCLUDE_SOURCE;
				MTL_FAST_MATH = YES;
				ONLY_ACTIVE_ARCH = YES;
				SDKROOT = macosx;
				SWIFT_ACTIVE_COMPILATION_CONDITIONS = "DEBUG $(inherited)";
				SWIFT_OPTIMIZATION_LEVEL = "-Onone";
			};
			name = Debug;
		};
		993A79D43006E02E001067AB /* Release */ = {
			isa = XCBuildConfiguration;
			buildSettings = {
				ALWAYS_SEARCH_USER_PATHS = NO;
				ASSETCATALOG_COMPILER_GENERATE_SWIFT_ASSET_SYMBOL_EXTENSIONS = YES;
				CLANG_ANALYZER_NONNULL = YES;
				CLANG_ANALYZER_NUMBER_OBJECT_CONVERSION = YES_AGGRESSIVE;
				CLANG_CXX_LANGUAGE_STANDARD = "gnu++20";
				CLANG_ENABLE_MODULES = YES;
				CLANG_ENABLE_OBJC_ARC = YES;
				CLANG_ENABLE_OBJC_WEAK = YES;
				CLANG_WARN_BLOCK_CAPTURE_AUTORELEASING = YES;
				CLANG_WARN_BOOL_CONVERSION = YES;
				CLANG_WARN_COMMA = YES;
				CLANG_WARN_CONSTANT_CONVERSION = YES;
				CLANG_WARN_DEPRECATED_OBJC_IMPLEMENTATIONS = YES;
				CLANG_WARN_DIRECT_OBJC_ISA_USAGE = YES_ERROR;
				CLANG_WARN_DOCUMENTATION_COMMENTS = YES;
				CLANG_WARN_EMPTY_BODY = YES;
				CLANG_WARN_ENUM_CONVERSION = YES;
				CLANG_WARN_INFINITE_RECURSION = YES;
				CLANG_WARN_INT_CONVERSION = YES;
				CLANG_WARN_NON_LITERAL_NULL_CONVERSION = YES;
				CLANG_WARN_OBJC_IMPLICIT_RETAIN_SELF = YES;
				CLANG_WARN_OBJC_LITERAL_CONVERSION = YES;
				CLANG_WARN_OBJC_ROOT_CLASS = YES_ERROR;
				CLANG_WARN_QUOTED_INCLUDE_IN_FRAMEWORK_HEADER = YES;
				CLANG_WARN_RANGE_LOOP_ANALYSIS = YES;
				CLANG_WARN_STRICT_PROTOTYPES = YES;
				CLANG_WARN_SUSPICIOUS_MOVE = YES;
				CLANG_WARN_UNGUARDED_AVAILABILITY = YES_AGGRESSIVE;
				CLANG_WARN_UNREACHABLE_CODE = YES;
				CLANG_WARN__DUPLICATE_METHOD_MATCH = YES;
				COPY_PHASE_STRIP = NO;
				DEBUG_INFORMATION_FORMAT = "dwarf-with-dsym";
				DEVELOPMENT_TEAM = 623RDETCER;
				ENABLE_NS_ASSERTIONS = NO;
				ENABLE_STRICT_OBJC_MSGSEND = YES;
				ENABLE_USER_SCRIPT_SANDBOXING = YES;
				GCC_C_LANGUAGE_STANDARD = gnu17;
				GCC_NO_COMMON_BLOCKS = YES;
				GCC_WARN_64_TO_32_BIT_CONVERSION = YES;
				GCC_WARN_ABOUT_RETURN_TYPE = YES_ERROR;
				GCC_WARN_UNDECLARED_SELECTOR = YES;
				GCC_WARN_UNINITIALIZED_AUTOS = YES_AGGRESSIVE;
				GCC_WARN_UNUSED_FUNCTION = YES;
				GCC_WARN_UNUSED_VARIABLE = YES;
				LOCALIZATION_PREFERS_STRING_CATALOGS = YES;
				MACOSX_DEPLOYMENT_TARGET = 26.5;
				MARKETING_VERSION = 1.5.0;
				MTL_ENABLE_DEBUG_INFO = NO;
				MTL_FAST_MATH = YES;
				SDKROOT = macosx;
				SWIFT_COMPILATION_MODE = wholemodule;
			};
			name = Release;
		};
		993A79D63006E02E001067AB /* Debug */ = {
			isa = XCBuildConfiguration;
			buildSettings = {
				CODE_SIGN_STYLE = Automatic;
				DEVELOPMENT_TEAM = 623RDETCER;
				ENABLE_HARDENED_RUNTIME = YES;
				LD_RUNPATH_SEARCH_PATHS = (
					"$(inherited)",
					"@executable_path",
					"@loader_path",
					"@executable_path/../Frameworks",
					"@loader_path/Frameworks",
				);
				MARKETING_VERSION = 1.5.0;
				PRODUCT_NAME = XCSwiftMap;
				SWIFT_APPROACHABLE_CONCURRENCY = YES;
				SWIFT_UPCOMING_FEATURE_MEMBER_IMPORT_VISIBILITY = YES;
				SWIFT_VERSION = 6.0;
			};
			name = Debug;
		};
		993A79D73006E02E001067AB /* Release */ = {
			isa = XCBuildConfiguration;
			buildSettings = {
				CODE_SIGN_STYLE = Automatic;
				DEVELOPMENT_TEAM = 623RDETCER;
				ENABLE_HARDENED_RUNTIME = YES;
				LD_RUNPATH_SEARCH_PATHS = (
					"$(inherited)",
					"@executable_path",
					"@loader_path",
					"@executable_path/../Frameworks",
					"@loader_path/Frameworks",
				);
				MARKETING_VERSION = 1.5.0;
				PRODUCT_NAME = XCSwiftMap;
				SWIFT_APPROACHABLE_CONCURRENCY = YES;
				SWIFT_UPCOMING_FEATURE_MEMBER_IMPORT_VISIBILITY = YES;
				SWIFT_VERSION = 6.0;
			};
			name = Release;
		};
/* End XCBuildConfiguration section */

/* Begin XCConfigurationList section */
		993A79C93006E02E001067AB /* Build configuration list for PBXProject "Xcode Swift Utilities" */ = {
			isa = XCConfigurationList;
			buildConfigurations = (
				993A79D33006E02E001067AB /* Debug */,
				993A79D43006E02E001067AB /* Release */,
			);
			defaultConfigurationIsVisible = 0;
			defaultConfigurationName = Release;
		};
		993A79D53006E02E001067AB /* Build configuration list for PBXNativeTarget "Xcode Swift Utilities" */ = {
			isa = XCConfigurationList;
			buildConfigurations = (
				993A79D63006E02E001067AB /* Debug */,
				993A79D73006E02E001067AB /* Release */,
			);
			defaultConfigurationIsVisible = 0;
			defaultConfigurationName = Release;
		};
/* End XCConfigurationList section */

/* Begin XCRemoteSwiftPackageReference section */
		9917AB85302F732F00EF8E1F /* XCRemoteSwiftPackageReference "SwiftLlama" */ = {
			isa = XCRemoteSwiftPackageReference;
			repositoryURL = "https://github.com/ShenghaiWang/SwiftLlama";
			requirement = {
				kind = upToNextMajorVersion;
				minimumVersion = 0.3.0;
			};
		};
		993A79E926DFB8820067664B /* XCRemoteSwiftPackageReference "swift-syntax" */ = {
			isa = XCRemoteSwiftPackageReference;
			repositoryURL = "https://github.com/swiftlang/swift-syntax.git";
			requirement = {
				kind = upToNextMajorVersion;
				minimumVersion = 603.0.0;
			};
		};
/* End XCRemoteSwiftPackageReference section */

/* Begin XCSwiftPackageProductDependency section */
		9917AB86302F732F00EF8E1F /* SwiftLlama */ = {
			isa = XCSwiftPackageProductDependency;
			package = 9917AB85302F732F00EF8E1F /* XCRemoteSwiftPackageReference "SwiftLlama" */;
			productName = SwiftLlama;
		};
		993A79EA26DFB8820067664B /* SwiftSyntax */ = {
			isa = XCSwiftPackageProductDependency;
			package = 993A79E926DFB8820067664B /* XCRemoteSwiftPackageReference "swift-syntax" */;
			productName = SwiftSyntax;
		};
		993A79EB26DFB8820067664B /* SwiftParser */ = {
			isa = XCSwiftPackageProductDependency;
			package = 993A79E926DFB8820067664B /* XCRemoteSwiftPackageReference "swift-syntax" */;
			productName = SwiftParser;
		};
		993A79EE26DFB8820067664B /* SwiftParserDiagnostics */ = {
			isa = XCSwiftPackageProductDependency;
			package = 993A79E926DFB8820067664B /* XCRemoteSwiftPackageReference "swift-syntax" */;
			productName = SwiftParserDiagnostics;
		};
		993A79EF26DFB8820067664B /* SwiftDiagnostics */ = {
			isa = XCSwiftPackageProductDependency;
			package = 993A79E926DFB8820067664B /* XCRemoteSwiftPackageReference "swift-syntax" */;
			productName = SwiftDiagnostics;
		};
/* End XCSwiftPackageProductDependency section */
	};
	rootObject = 993A79C63006E02E001067AB /* Project object */;
}
